
Microsoft Visual Studio Solution File, Format Version 12.00
# Visual Studio Version 16
VisualStudioVersion = 16.0.29306.81
MinimumVisualStudioVersion = 10.0.40219.1
Project("{FAE04EC0-301F-11D3-BF4B-00C04F79EFBC}") = "T1807EHelloUWP", "T1807EHelloUWP\T1807EHelloUWP.csproj", "{BDAC32EA-8659-45ED-9C82-1EB2733EAF0F}"
EndProject
Project("{FAE04EC0-301F-11D3-BF4B-00C04F79EFBC}") = "UWPMidTest", "UWPMidTest\UWPMidTest.csproj", "{5636F059-FD9C-4CE4-9356-7BA6AB82D015}"
EndProject
Global
	GlobalSection(SolutionConfigurationPlatforms) = preSolution
		Debug|ARM = Debug|ARM
		Debug|ARM64 = Debug|ARM64
		Debug|x64 = Debug|x64
		Debug|x86 = Debug|x86
		Release|ARM = Release|ARM
		Release|ARM64 = Release|ARM64
		Release|x64 = Release|x64
		Release|x86 = Release|x86
	EndGlobalSection
	GlobalSection(ProjectConfigurationPlatforms) = postSolution
		{BDAC32EA-8659-45ED-9C82-1EB2733EAF0F}.Debug|ARM.ActiveCfg = Debug|ARM
		{BDAC32EA-8659-45ED-9C82-1EB2733EAF0F}.Debug|ARM.Build.0 = Debug|ARM
		{BDAC32EA-8659-45ED-9C82-1EB2733EAF0F}.Debug|ARM.Deploy.0 = Debug|ARM
		{BDAC32EA-8659-45ED-9C82-1EB2733EAF0F}.Debug|ARM64.ActiveCfg = Debug|ARM64
		{BDAC32EA-8659-45ED-9C82-1EB2733EAF0F}.Debug|ARM64.Build.0 = Debug|ARM64
		{BDAC32EA-8659-45ED-9C82-1EB2733EAF0F}.Debug|ARM64.Deploy.0 = Debug|ARM64
		{BDAC32EA-8659-45ED-9C82-1EB2733EAF0F}.Debug|x64.ActiveCfg = Debug|x64
		{BDAC32EA-8659-45ED-9C82-1EB2733EAF0F}.Debug|x64.Build.0 = Debug|x64
		{BDAC32EA-8659-45ED-9C82-1EB2733EAF0F}.Debug|x64.Deploy.0 = Debug|x64
		{BDAC32EA-8659-45ED-9C82-1EB2733EAF0F}.Debug|x86.ActiveCfg = Debug|x86
		{BDAC32EA-8659-45ED-9C82-1EB2733EAF0F}.Debug|x86.Build.0 = Debug|x86
		{BDAC32EA-8659-45ED-9C82-1EB2733EAF0F}.Debug|x86.Deploy.0 = Debug|x86
		{BDAC32EA-8659-45ED-9C82-1EB2733EAF0F}.Release|ARM.ActiveCfg = Release|ARM
		{BDAC32EA-8659-45ED-9C82-1EB2733EAF0F}.Release|ARM.Build.0 = Release|ARM
		{BDAC32EA-8659-45ED-9C82-1EB2733EAF0F}.Release|ARM.Deploy.0 = Release|ARM
		{BDAC32EA-8659-45ED-9C82-1EB2733EAF0F}.Release|ARM64.ActiveCfg = Release|ARM64
		{BDAC32EA-8659-45ED-9C82-1EB2733EAF0F}.Release|ARM64.Build.0 = Release|ARM64
		{BDAC32EA-8659-45ED-9C82-1EB2733EAF0F}.Release|ARM64.Deploy.0 = Release|ARM64
		{BDAC32EA-8659-45ED-9C82-1EB2733EAF0F}.Release|x64.ActiveCfg = Release|x64
		{BDAC32EA-8659-45ED-9C82-1EB2733EAF0F}.Release|x64.Build.0 = Release|x64
		{BDAC32EA-8659-45ED-9C82-1EB2733EAF0F}.Release|x64.Deploy.0 = Release|x64
		{BDAC32EA-8659-45ED-9C82-1EB2733EAF0F}.Release|x86.ActiveCfg = Release|x86
		{BDAC32EA-8659-45ED-9C82-1EB2733EAF0F}.Release|x86.Build.0 = Release|x86
		{BDAC32EA-8659-45ED-9C82-1EB2733EAF0F}.Release|x86.Deploy.0 = Release|x86
		{5636F059-FD9C-4CE4-9356-7BA6AB82D015}.Debug|ARM.ActiveCfg = Debug|ARM
		{5636F059-FD9C-4CE4-9356-7BA6AB82D015}.Debug|ARM.Build.0 = Debug|ARM
		{5636F059-FD9C-4CE4-9356-7BA6AB82D015}.Debug|ARM.Deploy.0 = Debug|ARM
		{5636F059-FD9C-4CE4-9356-7BA6AB82D015}.Debug|ARM64.ActiveCfg = Debug|ARM64
		{5636F059-FD9C-4CE4-9356-7BA6AB82D015}.Debug|ARM64.Build.0 = Debug|ARM64
		{5636F059-FD9C-4CE4-9356-7BA6AB82D015}.Debug|ARM64.Deploy.0 = Debug|ARM64
		{5636F059-FD9C-4CE4-9356-7BA6AB82D015}.Debug|x64.ActiveCfg = Debug|x64
		{5636F059-FD9C-4CE4-9356-7BA6AB82D015}.Debug|x64.Build.0 = Debug|x64
		{5636F059-FD9C-4CE4-9356-7BA6AB82D015}.Debug|x64.Deploy.0 = Debug|x64
		{5636F059-FD9C-4CE4-9356-7BA6AB82D015}.Debug|x86.ActiveCfg = Debug|x86
		{5636F059-FD9C-4CE4-9356-7BA6AB82D015}.Debug|x86.Build.0 = Debug|x86
		{5636F059-FD9C-4CE4-9356-7BA6AB82D015}.Debug|x86.Deploy.0 = Debug|x86
		{5636F059-FD9C-4CE4-9356-7BA6AB82D015}.Release|ARM.ActiveCfg = Release|ARM
		{5636F059-FD9C-4CE4-9356-7BA6AB82D015}.Release|ARM.Build.0 = Release|ARM
		{5636F059-FD9C-4CE4-9356-7BA6AB82D015}.Release|ARM.Deploy.0 = Release|ARM
		{5636F059-FD9C-4CE4-9356-7BA6AB82D015}.Release|ARM64.ActiveCfg = Release|ARM64
		{5636F059-FD9C-4CE4-9356-7BA6AB82D015}.Release|ARM64.Build.0 = Release|ARM64
		{5636F059-FD9C-4CE4-9356-7BA6AB82D015}.Release|ARM64.Deploy.0 = Release|ARM64
		{5636F059-FD9C-4CE4-9356-7BA6AB82D015}.Release|x64.ActiveCfg = Release|x64
		{5636F059-FD9C-4CE4-9356-7BA6AB82D015}.Release|x64.Build.0 = Release|x64
		{5636F059-FD9C-4CE4-9356-7BA6AB82D015}.Release|x64.Deploy.0 = Release|x64
		{5636F059-FD9C-4CE4-9356-7BA6AB82D015}.Release|x86.ActiveCfg = Release|x86
		{5636F059-FD9C-4CE4-9356-7BA6AB82D015}.Release|x86.Build.0 = Release|x86
		{5636F059-FD9C-4CE4-9356-7BA6AB82D015}.Release|x86.Deploy.0 = Release|x86
	EndGlobalSection
	GlobalSection(SolutionProperties) = preSolution
		HideSolutionNode = FALSE
	EndGlobalSection
	GlobalSection(ExtensibilityGlobals) = postSolution
		SolutionGuid = {D36C54B9-594C-4B14-AD3A-9FBC89498953}
	EndGlobalSection
EndGlobal
